
Microsoft Visual Studio Solution File, Format Version 12.00
# Visual Studio Version 17
VisualStudioVersion = 17.0.31903.59
MinimumVisualStudioVersion = 10.0.40219.1
Project("{2150E333-8FDC-42A3-9474-1A3956D46DE8}") = "src", "src", "{827E0CD3-B72D-47B6-A68D-7590B98EB39B}"
EndProject
Project("{2150E333-8FDC-42A3-9474-1A3956D46DE8}") = "Gateway", "Gateway", "{6306A8FB-679E-111F-6585-8F70E0EE6013}"
EndProject
Project("{FAE04EC0-301F-11D3-BF4B-00C04F79EFBC}") = "Puod.Gateway", "src\Gateway\Puod.Gateway.csproj", "{FF025950-4BF7-4423-AE3F-5EB30E01C550}"
EndProject
Project("{FAE04EC0-301F-11D3-BF4B-00C04F79EFBC}") = "Puod.Services.User", "src\Services\User\Puod.Services.User\Puod.Services.User.csproj", "{C5D2C8BE-7747-436C-88D0-442B93A5A4A5}"
EndProject
Project("{FAE04EC0-301F-11D3-BF4B-00C04F79EFBC}") = "Puod.Services.Integration", "src\Services\Integration\Puod.Services.Integration\Puod.Services.Integration.csproj", "{C1A5FD92-F8D4-4999-AA97-9FB40B5C1CB0}"
EndProject
Project("{FAE04EC0-301F-11D3-BF4B-00C04F79EFBC}") = "Puod.Services.Monitoring", "src\Services\Monitoring\Puod.Services.Monitoring.csproj", "{6863ED15-7AF9-482A-91CE-0D8DA5191749}"
EndProject
Project("{FAE04EC0-301F-11D3-BF4B-00C04F79EFBC}") = "Puod.Services.Reporting", "src\Services\Reporting\Puod.Services.Reporting\Puod.Services.Reporting.csproj", "{2951689E-379F-47FF-B31E-9A293A3C8FC4}"
EndProject
Project("{FAE04EC0-301F-11D3-BF4B-00C04F79EFBC}") = "Puod.Services.Studio", "src\Services\Studio\Puod.Services.Studio\Puod.Services.Studio.csproj", "{AF49CECC-2088-435E-AE8C-D5FC3331601C}"
EndProject
Project("{FAE04EC0-301F-11D3-BF4B-00C04F79EFBC}") = "Puod.Shared.Common", "src\Shared\Common\Puod.Shared.Common.csproj", "{D1ADEE94-F7CB-436A-8103-28A1E760161C}"
EndProject
Project("{FAE04EC0-301F-11D3-BF4B-00C04F79EFBC}") = "Puod.Shared.Contracts", "src\Shared\Contracts\Puod.Shared.Contracts.csproj", "{42C21379-8648-409E-A36A-89DE8502CC9B}"
EndProject
Project("{2150E333-8FDC-42A3-9474-1A3956D46DE8}") = "Services", "Services", "{984BB9B3-3FA3-BE33-9484-CAC21695A33C}"
EndProject
Project("{2150E333-8FDC-42A3-9474-1A3956D46DE8}") = "User", "User", "{6792783D-ADFB-1DC9-8301-92642CD8F804}"
EndProject
Project("{FAE04EC0-301F-11D3-BF4B-00C04F79EFBC}") = "Puod.Services.User.Migrations.Postgres", "src\Services\User\Puod.Services.User.Migrations.Postgres\Puod.Services.User.Migrations.Postgres.csproj", "{CA6B95DA-1C80-4F93-84BB-B7D86DCAD488}"
EndProject
Project("{FAE04EC0-301F-11D3-BF4B-00C04F79EFBC}") = "Puod.Services.User.Migrations.SqlServer", "src\Services\User\Puod.Services.User.Migrations.SqlServer\Puod.Services.User.Migrations.SqlServer.csproj", "{03366254-6191-4A08-B0CE-6EF5642EA988}"
EndProject
Project("{FAE04EC0-301F-11D3-BF4B-00C04F79EFBC}") = "Puod.Services.User.Migrations.MySql", "src\Services\User\Puod.Services.User.Migrations.MySql\Puod.Services.User.Migrations.MySql.csproj", "{E643F971-3DE1-4B30-BF8C-161FB6E92F8B}"
EndProject
Project("{FAE04EC0-301F-11D3-BF4B-00C04F79EFBC}") = "Puod.Services.User.Data", "src\Services\User\Puod.Services.User.Data\Puod.Services.User.Data.csproj", "{E2BB40FE-7C5B-4A7F-A99A-18EC421820F0}"
EndProject
Global
	GlobalSection(SolutionConfigurationPlatforms) = preSolution
		Debug|Any CPU = Debug|Any CPU
		Debug|x64 = Debug|x64
		Debug|x86 = Debug|x86
		Release|Any CPU = Release|Any CPU
		Release|x64 = Release|x64
		Release|x86 = Release|x86
	EndGlobalSection
	GlobalSection(ProjectConfigurationPlatforms) = postSolution
		{FF025950-4BF7-4423-AE3F-5EB30E01C550}.Debug|Any CPU.ActiveCfg = Debug|Any CPU
		{FF025950-4BF7-4423-AE3F-5EB30E01C550}.Debug|Any CPU.Build.0 = Debug|Any CPU
		{FF025950-4BF7-4423-AE3F-5EB30E01C550}.Debug|x64.ActiveCfg = Debug|Any CPU
		{FF025950-4BF7-4423-AE3F-5EB30E01C550}.Debug|x64.Build.0 = Debug|Any CPU
		{FF025950-4BF7-4423-AE3F-5EB30E01C550}.Debug|x86.ActiveCfg = Debug|Any CPU
		{FF025950-4BF7-4423-AE3F-5EB30E01C550}.Debug|x86.Build.0 = Debug|Any CPU
		{FF025950-4BF7-4423-AE3F-5EB30E01C550}.Release|Any CPU.ActiveCfg = Release|Any CPU
		{FF025950-4BF7-4423-AE3F-5EB30E01C550}.Release|Any CPU.Build.0 = Release|Any CPU
		{FF025950-4BF7-4423-AE3F-5EB30E01C550}.Release|x64.ActiveCfg = Release|Any CPU
		{FF025950-4BF7-4423-AE3F-5EB30E01C550}.Release|x64.Build.0 = Release|Any CPU
		{FF025950-4BF7-4423-AE3F-5EB30E01C550}.Release|x86.ActiveCfg = Release|Any CPU
		{FF025950-4BF7-4423-AE3F-5EB30E01C550}.Release|x86.Build.0 = Release|Any CPU
		{C5D2C8BE-7747-436C-88D0-442B93A5A4A5}.Debug|Any CPU.ActiveCfg = Debug|Any CPU
		{C5D2C8BE-7747-436C-88D0-442B93A5A4A5}.Debug|Any CPU.Build.0 = Debug|Any CPU
		{C5D2C8BE-7747-436C-88D0-442B93A5A4A5}.Debug|x64.ActiveCfg = Debug|Any CPU
		{C5D2C8BE-7747-436C-88D0-442B93A5A4A5}.Debug|x64.Build.0 = Debug|Any CPU
		{C5D2C8BE-7747-436C-88D0-442B93A5A4A5}.Debug|x86.ActiveCfg = Debug|Any CPU
		{C5D2C8BE-7747-436C-88D0-442B93A5A4A5}.Debug|x86.Build.0 = Debug|Any CPU
		{C5D2C8BE-7747-436C-88D0-442B93A5A4A5}.Release|Any CPU.ActiveCfg = Release|Any CPU
		{C5D2C8BE-7747-436C-88D0-442B93A5A4A5}.Release|Any CPU.Build.0 = Release|Any CPU
		{C5D2C8BE-7747-436C-88D0-442B93A5A4A5}.Release|x64.ActiveCfg = Release|Any CPU
		{C5D2C8BE-7747-436C-88D0-442B93A5A4A5}.Release|x64.Build.0 = Release|Any CPU
		{C5D2C8BE-7747-436C-88D0-442B93A5A4A5}.Release|x86.ActiveCfg = Release|Any CPU
		{C5D2C8BE-7747-436C-88D0-442B93A5A4A5}.Release|x86.Build.0 = Release|Any CPU
		{C1A5FD92-F8D4-4999-AA97-9FB40B5C1CB0}.Debug|Any CPU.ActiveCfg = Debug|Any CPU
		{C1A5FD92-F8D4-4999-AA97-9FB40B5C1CB0}.Debug|Any CPU.Build.0 = Debug|Any CPU
		{C1A5FD92-F8D4-4999-AA97-9FB40B5C1CB0}.Debug|x64.ActiveCfg = Debug|Any CPU
		{C1A5FD92-F8D4-4999-AA97-9FB40B5C1CB0}.Debug|x64.Build.0 = Debug|Any CPU
		{C1A5FD92-F8D4-4999-AA97-9FB40B5C1CB0}.Debug|x86.ActiveCfg = Debug|Any CPU
		{C1A5FD92-F8D4-4999-AA97-9FB40B5C1CB0}.Debug|x86.Build.0 = Debug|Any CPU
		{C1A5FD92-F8D4-4999-AA97-9FB40B5C1CB0}.Release|Any CPU.ActiveCfg = Release|Any CPU
		{C1A5FD92-F8D4-4999-AA97-9FB40B5C1CB0}.Release|Any CPU.Build.0 = Release|Any CPU
		{C1A5FD92-F8D4-4999-AA97-9FB40B5C1CB0}.Release|x64.ActiveCfg = Release|Any CPU
		{C1A5FD92-F8D4-4999-AA97-9FB40B5C1CB0}.Release|x64.Build.0 = Release|Any CPU
		{C1A5FD92-F8D4-4999-AA97-9FB40B5C1CB0}.Release|x86.ActiveCfg = Release|Any CPU
		{C1A5FD92-F8D4-4999-AA97-9FB40B5C1CB0}.Release|x86.Build.0 = Release|Any CPU
		{6863ED15-7AF9-482A-91CE-0D8DA5191749}.Debug|Any CPU.ActiveCfg = Debug|Any CPU
		{6863ED15-7AF9-482A-91CE-0D8DA5191749}.Debug|Any CPU.Build.0 = Debug|Any CPU
		{6863ED15-7AF9-482A-91CE-0D8DA5191749}.Debug|x64.ActiveCfg = Debug|Any CPU
		{6863ED15-7AF9-482A-91CE-0D8DA5191749}.Debug|x64.Build.0 = Debug|Any CPU
		{6863ED15-7AF9-482A-91CE-0D8DA5191749}.Debug|x86.ActiveCfg = Debug|Any CPU
		{6863ED15-7AF9-482A-91CE-0D8DA5191749}.Debug|x86.Build.0 = Debug|Any CPU
		{6863ED15-7AF9-482A-91CE-0D8DA5191749}.Release|Any CPU.ActiveCfg = Release|Any CPU
		{6863ED15-7AF9-482A-91CE-0D8DA5191749}.Release|Any CPU.Build.0 = Release|Any CPU
		{6863ED15-7AF9-482A-91CE-0D8DA5191749}.Release|x64.ActiveCfg = Release|Any CPU
		{6863ED15-7AF9-482A-91CE-0D8DA5191749}.Release|x64.Build.0 = Release|Any CPU
		{6863ED15-7AF9-482A-91CE-0D8DA5191749}.Release|x86.ActiveCfg = Release|Any CPU
		{6863ED15-7AF9-482A-91CE-0D8DA5191749}.Release|x86.Build.0 = Release|Any CPU
		{2951689E-379F-47FF-B31E-9A293A3C8FC4}.Debug|Any CPU.ActiveCfg = Debug|Any CPU
		{2951689E-379F-47FF-B31E-9A293A3C8FC4}.Debug|Any CPU.Build.0 = Debug|Any CPU
		{2951689E-379F-47FF-B31E-9A293A3C8FC4}.Debug|x64.ActiveCfg = Debug|Any CPU
		{2951689E-379F-47FF-B31E-9A293A3C8FC4}.Debug|x64.Build.0 = Debug|Any CPU
		{2951689E-379F-47FF-B31E-9A293A3C8FC4}.Debug|x86.ActiveCfg = Debug|Any CPU
		{2951689E-379F-47FF-B31E-9A293A3C8FC4}.Debug|x86.Build.0 = Debug|Any CPU
		{2951689E-379F-47FF-B31E-9A293A3C8FC4}.Release|Any CPU.ActiveCfg = Release|Any CPU
		{2951689E-379F-47FF-B31E-9A293A3C8FC4}.Release|Any CPU.Build.0 = Release|Any CPU
		{2951689E-379F-47FF-B31E-9A293A3C8FC4}.Release|x64.ActiveCfg = Release|Any CPU
		{2951689E-379F-47FF-B31E-9A293A3C8FC4}.Release|x64.Build.0 = Release|Any CPU
		{2951689E-379F-47FF-B31E-9A293A3C8FC4}.Release|x86.ActiveCfg = Release|Any CPU
		{2951689E-379F-47FF-B31E-9A293A3C8FC4}.Release|x86.Build.0 = Release|Any CPU
		{AF49CECC-2088-435E-AE8C-D5FC3331601C}.Debug|Any CPU.ActiveCfg = Debug|Any CPU
		{AF49CECC-2088-435E-AE8C-D5FC3331601C}.Debug|Any CPU.Build.0 = Debug|Any CPU
		{AF49CECC-2088-435E-AE8C-D5FC3331601C}.Debug|x64.ActiveCfg = Debug|Any CPU
		{AF49CECC-2088-435E-AE8C-D5FC3331601C}.Debug|x64.Build.0 = Debug|Any CPU
		{AF49CECC-2088-435E-AE8C-D5FC3331601C}.Debug|x86.ActiveCfg = Debug|Any CPU
		{AF49CECC-2088-435E-AE8C-D5FC3331601C}.Debug|x86.Build.0 = Debug|Any CPU
		{AF49CECC-2088-435E-AE8C-D5FC3331601C}.Release|Any CPU.ActiveCfg = Release|Any CPU
		{AF49CECC-2088-435E-AE8C-D5FC3331601C}.Release|Any CPU.Build.0 = Release|Any CPU
		{AF49CECC-2088-435E-AE8C-D5FC3331601C}.Release|x64.ActiveCfg = Release|Any CPU
		{AF49CECC-2088-435E-AE8C-D5FC3331601C}.Release|x64.Build.0 = Release|Any CPU
		{AF49CECC-2088-435E-AE8C-D5FC3331601C}.Release|x86.ActiveCfg = Release|Any CPU
		{AF49CECC-2088-435E-AE8C-D5FC3331601C}.Release|x86.Build.0 = Release|Any CPU
		{D1ADEE94-F7CB-436A-8103-28A1E760161C}.Debug|Any CPU.ActiveCfg = Debug|Any CPU
		{D1ADEE94-F7CB-436A-8103-28A1E760161C}.Debug|Any CPU.Build.0 = Debug|Any CPU
		{D1ADEE94-F7CB-436A-8103-28A1E760161C}.Debug|x64.ActiveCfg = Debug|Any CPU
		{D1ADEE94-F7CB-436A-8103-28A1E760161C}.Debug|x64.Build.0 = Debug|Any CPU
		{D1ADEE94-F7CB-436A-8103-28A1E760161C}.Debug|x86.ActiveCfg = Debug|Any CPU
		{D1ADEE94-F7CB-436A-8103-28A1E760161C}.Debug|x86.Build.0 = Debug|Any CPU
		{D1ADEE94-F7CB-436A-8103-28A1E760161C}.Release|Any CPU.ActiveCfg = Release|Any CPU
		{D1ADEE94-F7CB-436A-8103-28A1E760161C}.Release|Any CPU.Build.0 = Release|Any CPU
		{D1ADEE94-F7CB-436A-8103-28A1E760161C}.Release|x64.ActiveCfg = Release|Any CPU
		{D1ADEE94-F7CB-436A-8103-28A1E760161C}.Release|x64.Build.0 = Release|Any CPU
		{D1ADEE94-F7CB-436A-8103-28A1E760161C}.Release|x86.ActiveCfg = Release|Any CPU
		{D1ADEE94-F7CB-436A-8103-28A1E760161C}.Release|x86.Build.0 = Release|Any CPU
		{42C21379-8648-409E-A36A-89DE8502CC9B}.Debug|Any CPU.ActiveCfg = Debug|Any CPU
		{42C21379-8648-409E-A36A-89DE8502CC9B}.Debug|Any CPU.Build.0 = Debug|Any CPU
		{42C21379-8648-409E-A36A-89DE8502CC9B}.Debug|x64.ActiveCfg = Debug|Any CPU
		{42C21379-8648-409E-A36A-89DE8502CC9B}.Debug|x64.Build.0 = Debug|Any CPU
		{42C21379-8648-409E-A36A-89DE8502CC9B}.Debug|x86.ActiveCfg = Debug|Any CPU
		{42C21379-8648-409E-A36A-89DE8502CC9B}.Debug|x86.Build.0 = Debug|Any CPU
		{42C21379-8648-409E-A36A-89DE8502CC9B}.Release|Any CPU.ActiveCfg = Release|Any CPU
		{42C21379-8648-409E-A36A-89DE8502CC9B}.Release|Any CPU.Build.0 = Release|Any CPU
		{42C21379-8648-409E-A36A-89DE8502CC9B}.Release|x64.ActiveCfg = Release|Any CPU
		{42C21379-8648-409E-A36A-89DE8502CC9B}.Release|x64.Build.0 = Release|Any CPU
		{42C21379-8648-409E-A36A-89DE8502CC9B}.Release|x86.ActiveCfg = Release|Any CPU
		{42C21379-8648-409E-A36A-89DE8502CC9B}.Release|x86.Build.0 = Release|Any CPU
		{CA6B95DA-1C80-4F93-84BB-B7D86DCAD488}.Debug|Any CPU.ActiveCfg = Debug|Any CPU
		{CA6B95DA-1C80-4F93-84BB-B7D86DCAD488}.Debug|Any CPU.Build.0 = Debug|Any CPU
		{CA6B95DA-1C80-4F93-84BB-B7D86DCAD488}.Debug|x64.ActiveCfg = Debug|Any CPU
		{CA6B95DA-1C80-4F93-84BB-B7D86DCAD488}.Debug|x64.Build.0 = Debug|Any CPU
		{CA6B95DA-1C80-4F93-84BB-B7D86DCAD488}.Debug|x86.ActiveCfg = Debug|Any CPU
		{CA6B95DA-1C80-4F93-84BB-B7D86DCAD488}.Debug|x86.Build.0 = Debug|Any CPU
		{CA6B95DA-1C80-4F93-84BB-B7D86DCAD488}.Release|Any CPU.ActiveCfg = Release|Any CPU
		{CA6B95DA-1C80-4F93-84BB-B7D86DCAD488}.Release|Any CPU.Build.0 = Release|Any CPU
		{CA6B95DA-1C80-4F93-84BB-B7D86DCAD488}.Release|x64.ActiveCfg = Release|Any CPU
		{CA6B95DA-1C80-4F93-84BB-B7D86DCAD488}.Release|x64.Build.0 = Release|Any CPU
		{CA6B95DA-1C80-4F93-84BB-B7D86DCAD488}.Release|x86.ActiveCfg = Release|Any CPU
		{CA6B95DA-1C80-4F93-84BB-B7D86DCAD488}.Release|x86.Build.0 = Release|Any CPU
		{03366254-6191-4A08-B0CE-6EF5642EA988}.Debug|Any CPU.ActiveCfg = Debug|Any CPU
		{03366254-6191-4A08-B0CE-6EF5642EA988}.Debug|Any CPU.Build.0 = Debug|Any CPU
		{03366254-6191-4A08-B0CE-6EF5642EA988}.Debug|x64.ActiveCfg = Debug|Any CPU
		{03366254-6191-4A08-B0CE-6EF5642EA988}.Debug|x64.Build.0 = Debug|Any CPU
		{03366254-6191-4A08-B0CE-6EF5642EA988}.Debug|x86.ActiveCfg = Debug|Any CPU
		{03366254-6191-4A08-B0CE-6EF5642EA988}.Debug|x86.Build.0 = Debug|Any CPU
		{03366254-6191-4A08-B0CE-6EF5642EA988}.Release|Any CPU.ActiveCfg = Release|Any CPU
		{03366254-6191-4A08-B0CE-6EF5642EA988}.Release|Any CPU.Build.0 = Release|Any CPU
		{03366254-6191-4A08-B0CE-6EF5642EA988}.Release|x64.ActiveCfg = Release|Any CPU
		{03366254-6191-4A08-B0CE-6EF5642EA988}.Release|x64.Build.0 = Release|Any CPU
		{03366254-6191-4A08-B0CE-6EF5642EA988}.Release|x86.ActiveCfg = Release|Any CPU
		{03366254-6191-4A08-B0CE-6EF5642EA988}.Release|x86.Build.0 = Release|Any CPU
		{E643F971-3DE1-4B30-BF8C-161FB6E92F8B}.Debug|Any CPU.ActiveCfg = Debug|Any CPU
		{E643F971-3DE1-4B30-BF8C-161FB6E92F8B}.Debug|Any CPU.Build.0 = Debug|Any CPU
		{E643F971-3DE1-4B30-BF8C-161FB6E92F8B}.Debug|x64.ActiveCfg = Debug|Any CPU
		{E643F971-3DE1-4B30-BF8C-161FB6E92F8B}.Debug|x64.Build.0 = Debug|Any CPU
		{E643F971-3DE1-4B30-BF8C-161FB6E92F8B}.Debug|x86.ActiveCfg = Debug|Any CPU
		{E643F971-3DE1-4B30-BF8C-161FB6E92F8B}.Debug|x86.Build.0 = Debug|Any CPU
		{E643F971-3DE1-4B30-BF8C-161FB6E92F8B}.Release|Any CPU.ActiveCfg = Release|Any CPU
		{E643F971-3DE1-4B30-BF8C-161FB6E92F8B}.Release|Any CPU.Build.0 = Release|Any CPU
		{E643F971-3DE1-4B30-BF8C-161FB6E92F8B}.Release|x64.ActiveCfg = Release|Any CPU
		{E643F971-3DE1-4B30-BF8C-161FB6E92F8B}.Release|x64.Build.0 = Release|Any CPU
		{E643F971-3DE1-4B30-BF8C-161FB6E92F8B}.Release|x86.ActiveCfg = Release|Any CPU
		{E643F971-3DE1-4B30-BF8C-161FB6E92F8B}.Release|x86.Build.0 = Release|Any CPU
		{E2BB40FE-7C5B-4A7F-A99A-18EC421820F0}.Debug|Any CPU.ActiveCfg = Debug|Any CPU
		{E2BB40FE-7C5B-4A7F-A99A-18EC421820F0}.Debug|Any CPU.Build.0 = Debug|Any CPU
		{E2BB40FE-7C5B-4A7F-A99A-18EC421820F0}.Debug|x64.ActiveCfg = Debug|Any CPU
		{E2BB40FE-7C5B-4A7F-A99A-18EC421820F0}.Debug|x64.Build.0 = Debug|Any CPU
		{E2BB40FE-7C5B-4A7F-A99A-18EC421820F0}.Debug|x86.ActiveCfg = Debug|Any CPU
		{E2BB40FE-7C5B-4A7F-A99A-18EC421820F0}.Debug|x86.Build.0 = Debug|Any CPU
		{E2BB40FE-7C5B-4A7F-A99A-18EC421820F0}.Release|Any CPU.ActiveCfg = Release|Any CPU
		{E2BB40FE-7C5B-4A7F-A99A-18EC421820F0}.Release|Any CPU.Build.0 = Release|Any CPU
		{E2BB40FE-7C5B-4A7F-A99A-18EC421820F0}.Release|x64.ActiveCfg = Release|Any CPU
		{E2BB40FE-7C5B-4A7F-A99A-18EC421820F0}.Release|x64.Build.0 = Release|Any CPU
		{E2BB40FE-7C5B-4A7F-A99A-18EC421820F0}.Release|x86.ActiveCfg = Release|Any CPU
		{E2BB40FE-7C5B-4A7F-A99A-18EC421820F0}.Release|x86.Build.0 = Release|Any CPU
	EndGlobalSection
	GlobalSection(SolutionProperties) = preSolution
		HideSolutionNode = FALSE
	EndGlobalSection
	GlobalSection(NestedProjects) = preSolution
		{6306A8FB-679E-111F-6585-8F70E0EE6013} = {827E0CD3-B72D-47B6-A68D-7590B98EB39B}
		{FF025950-4BF7-4423-AE3F-5EB30E01C550} = {6306A8FB-679E-111F-6585-8F70E0EE6013}
		{C5D2C8BE-7747-436C-88D0-442B93A5A4A5} = {6306A8FB-679E-111F-6585-8F70E0EE6013}
		{C1A5FD92-F8D4-4999-AA97-9FB40B5C1CB0} = {6306A8FB-679E-111F-6585-8F70E0EE6013}
		{6863ED15-7AF9-482A-91CE-0D8DA5191749} = {6306A8FB-679E-111F-6585-8F70E0EE6013}
		{2951689E-379F-47FF-B31E-9A293A3C8FC4} = {6306A8FB-679E-111F-6585-8F70E0EE6013}
		{AF49CECC-2088-435E-AE8C-D5FC3331601C} = {6306A8FB-679E-111F-6585-8F70E0EE6013}
		{D1ADEE94-F7CB-436A-8103-28A1E760161C} = {6306A8FB-679E-111F-6585-8F70E0EE6013}
		{42C21379-8648-409E-A36A-89DE8502CC9B} = {6306A8FB-679E-111F-6585-8F70E0EE6013}
		{984BB9B3-3FA3-BE33-9484-CAC21695A33C} = {827E0CD3-B72D-47B6-A68D-7590B98EB39B}
		{6792783D-ADFB-1DC9-8301-92642CD8F804} = {984BB9B3-3FA3-BE33-9484-CAC21695A33C}
		{CA6B95DA-1C80-4F93-84BB-B7D86DCAD488} = {6792783D-ADFB-1DC9-8301-92642CD8F804}
		{03366254-6191-4A08-B0CE-6EF5642EA988} = {6792783D-ADFB-1DC9-8301-92642CD8F804}
		{E643F971-3DE1-4B30-BF8C-161FB6E92F8B} = {6792783D-ADFB-1DC9-8301-92642CD8F804}
		{E2BB40FE-7C5B-4A7F-A99A-18EC421820F0} = {6792783D-ADFB-1DC9-8301-92642CD8F804}
	EndGlobalSection
EndGlobal
